// !$*UTF8*$!
{
	archiveVersion = 1;
	classes = {
	};
	objectVersion = 50;
	objects = {

/* Begin PBXBuildFile section */
		C202AF9224D2159A0024B628 /* SwiftUI+Additions.swift in Sources */ = {isa = PBXBuildFile; fileRef = C202AF9124D2159A0024B628 /* SwiftUI+Additions.swift */; };
		C202AF9424D2DD0E0024B628 /* UIKit+Additions.swift in Sources */ = {isa = PBXBuildFile; fileRef = C202AF9324D2DD0E0024B628 /* UIKit+Additions.swift */; };
		C225A1CB24D33DC20008A7E7 /* Foundation+Additions.swift in Sources */ = {isa = PBXBuildFile; fileRef = C225A1CA24D33DC20008A7E7 /* Foundation+Additions.swift */; };
		C225A1CD24D36B320008A7E7 /* PJCLayersView+additions.swift in Sources */ = {isa = PBXBuildFile; fileRef = C225A1CC24D36B320008A7E7 /* PJCLayersView+additions.swift */; };
		C23C7CA124DAEC8E00B17D6C /* PJCLiveSurfaceItem+Additions.swift in Sources */ = {isa = PBXBuildFile; fileRef = C23C7CA024DAEC8E00B17D6C /* PJCLiveSurfaceItem+Additions.swift */; };
		C23C7CA524DD442700B17D6C /* PJCLayerPreviewImage.swift in Sources */ = {isa = PBXBuildFile; fileRef = C23C7CA424DD442700B17D6C /* PJCLayerPreviewImage.swift */; };
		C29B1BB924D02ED50023DEE4 /* PJCCanvasView+Additions.swift in Sources */ = {isa = PBXBuildFile; fileRef = C29B1BB824D02ED50023DEE4 /* PJCCanvasView+Additions.swift */; };
		C29B1BBB24D043090023DEE4 /* PJCSimpleShapes.swift in Sources */ = {isa = PBXBuildFile; fileRef = C29B1BBA24D043090023DEE4 /* PJCSimpleShapes.swift */; };
		C29B1BBD24D046E50023DEE4 /* PJCTransformTool.swift in Sources */ = {isa = PBXBuildFile; fileRef = C29B1BBC24D046E50023DEE4 /* PJCTransformTool.swift */; };
		C29B1BC224D05D740023DEE4 /* PJCLiveSurfaceProject.swift in Sources */ = {isa = PBXBuildFile; fileRef = C29B1BC124D05D740023DEE4 /* PJCLiveSurfaceProject.swift */; };
		C29B1BC424D087DC0023DEE4 /* PJCSelectionView.swift in Sources */ = {isa = PBXBuildFile; fileRef = C29B1BC324D087DC0023DEE4 /* PJCSelectionView.swift */; };
		C2D6825224D01A9E000E4E79 /* PJCAppDelegate.swift in Sources */ = {isa = PBXBuildFile; fileRef = C2D6825124D01A9E000E4E79 /* PJCAppDelegate.swift */; };
		C2D6825424D01A9E000E4E79 /* PJCSceneDelegate.swift in Sources */ = {isa = PBXBuildFile; fileRef = C2D6825324D01A9E000E4E79 /* PJCSceneDelegate.swift */; };
		C2D6825624D01A9F000E4E79 /* PJCLiveSurfaceView.swift in Sources */ = {isa = PBXBuildFile; fileRef = C2D6825524D01A9F000E4E79 /* PJCLiveSurfaceView.swift */; };
		C2D6825824D01AA3000E4E79 /* Assets.xcassets in Resources */ = {isa = PBXBuildFile; fileRef = C2D6825724D01AA3000E4E79 /* Assets.xcassets */; };
		C2D6825B24D01AA3000E4E79 /* Preview Assets.xcassets in Resources */ = {isa = PBXBuildFile; fileRef = C2D6825A24D01AA3000E4E79 /* Preview Assets.xcassets */; };
		C2D6825E24D01AA3000E4E79 /* LaunchScreen.storyboard in Resources */ = {isa = PBXBuildFile; fileRef = C2D6825C24D01AA3000E4E79 /* LaunchScreen.storyboard */; };
		C2D6826924D01C0B000E4E79 /* PJCLiveSurfaceViewController.swift in Sources */ = {isa = PBXBuildFile; fileRef = C2D6826824D01C0B000E4E79 /* PJCLiveSurfaceViewController.swift */; };
		C2D6826B24D01F55000E4E79 /* PJCCanvasView.swift in Sources */ = {isa = PBXBuildFile; fileRef = C2D6826A24D01F55000E4E79 /* PJCCanvasView.swift */; };
		C2D6826D24D01F66000E4E79 /* PJCLayersView.swift in Sources */ = {isa = PBXBuildFile; fileRef = C2D6826C24D01F66000E4E79 /* PJCLayersView.swift */; };
		C2D6826F24D023D1000E4E79 /* PJCLiveSurfaceItem.swift in Sources */ = {isa = PBXBuildFile; fileRef = C2D6826E24D023D1000E4E79 /* PJCLiveSurfaceItem.swift */; };
		C2D6827124D02BF2000E4E79 /* PJCGeometry.swift in Sources */ = {isa = PBXBuildFile; fileRef = C2D6827024D02BF2000E4E79 /* PJCGeometry.swift */; };
		C2FB594224D6B24B00B501F8 /* PJCTransformTool+Additions.swift in Sources */ = {isa = PBXBuildFile; fileRef = C2FB594124D6B24B00B501F8 /* PJCTransformTool+Additions.swift */; };
		C2FB594424D75AAE00B501F8 /* PJCToolset.swift in Sources */ = {isa = PBXBuildFile; fileRef = C2FB594324D75AAE00B501F8 /* PJCToolset.swift */; };
		C2FB594624D75B8E00B501F8 /* PJCLayerPreview.swift in Sources */ = {isa = PBXBuildFile; fileRef = C2FB594524D75B8E00B501F8 /* PJCLayerPreview.swift */; };
		C2FB594824D87CA200B501F8 /* PJCLiveSurfaceProject+Additions.swift in Sources */ = {isa = PBXBuildFile; fileRef = C2FB594724D87CA200B501F8 /* PJCLiveSurfaceProject+Additions.swift */; };
		C2FB594A24D9A08C00B501F8 /* CGGeometry+Additions.swift in Sources */ = {isa = PBXBuildFile; fileRef = C2FB594924D9A08C00B501F8 /* CGGeometry+Additions.swift */; };
/* End PBXBuildFile section */

/* Begin PBXFileReference section */
		C202AF9124D2159A0024B628 /* SwiftUI+Additions.swift */ = {isa = PBXFileReference; lastKnownFileType = sourcecode.swift; path = "SwiftUI+Additions.swift"; sourceTree = "<group>"; };
		C202AF9324D2DD0E0024B628 /* UIKit+Additions.swift */ = {isa = PBXFileReference; lastKnownFileType = sourcecode.swift; path = "UIKit+Additions.swift"; sourceTree = "<group>"; };
		C225A1CA24D33DC20008A7E7 /* Foundation+Additions.swift */ = {isa = PBXFileReference; lastKnownFileType = sourcecode.swift; path = "Foundation+Additions.swift"; sourceTree = "<group>"; };
		C225A1CC24D36B320008A7E7 /* PJCLayersView+additions.swift */ = {isa = PBXFileReference; lastKnownFileType = sourcecode.swift; path = "PJCLayersView+additions.swift"; sourceTree = "<group>"; };
		C23C7CA024DAEC8E00B17D6C /* PJCLiveSurfaceItem+Additions.swift */ = {isa = PBXFileReference; lastKnownFileType = sourcecode.swift; path = "PJCLiveSurfaceItem+Additions.swift"; sourceTree = "<group>"; };
		C23C7CA424DD442700B17D6C /* PJCLayerPreviewImage.swift */ = {isa = PBXFileReference; lastKnownFileType = sourcecode.swift; path = PJCLayerPreviewImage.swift; sourceTree = "<group>"; };
		C29B1BB824D02ED50023DEE4 /* PJCCanvasView+Additions.swift */ = {isa = PBXFileReference; lastKnownFileType = sourcecode.swift; path = "PJCCanvasView+Additions.swift"; sourceTree = "<group>"; };
		C29B1BBA24D043090023DEE4 /* PJCSimpleShapes.swift */ = {isa = PBXFileReference; lastKnownFileType = sourcecode.swift; path = PJCSimpleShapes.swift; sourceTree = "<group>"; };
		C29B1BBC24D046E50023DEE4 /* PJCTransformTool.swift */ = {isa = PBXFileReference; lastKnownFileType = sourcecode.swift; path = PJCTransformTool.swift; sourceTree = "<group>"; };
		C29B1BC124D05D740023DEE4 /* PJCLiveSurfaceProject.swift */ = {isa = PBXFileReference; lastKnownFileType = sourcecode.swift; path = PJCLiveSurfaceProject.swift; sourceTree = "<group>"; };
		C29B1BC324D087DC0023DEE4 /* PJCSelectionView.swift */ = {isa = PBXFileReference; lastKnownFileType = sourcecode.swift; path = PJCSelectionView.swift; sourceTree = "<group>"; };
		C2D6824E24D01A9E000E4E79 /* LiveSurface.app */ = {isa = PBXFileReference; explicitFileType = wrapper.application; includeInIndex = 0; path = LiveSurface.app; sourceTree = BUILT_PRODUCTS_DIR; };
		C2D6825124D01A9E000E4E79 /* PJCAppDelegate.swift */ = {isa = PBXFileReference; lastKnownFileType = sourcecode.swift; path = PJCAppDelegate.swift; sourceTree = "<group>"; };
		C2D6825324D01A9E000E4E79 /* PJCSceneDelegate.swift */ = {isa = PBXFileReference; lastKnownFileType = sourcecode.swift; path = PJCSceneDelegate.swift; sourceTree = "<group>"; };
		C2D6825524D01A9F000E4E79 /* PJCLiveSurfaceView.swift */ = {isa = PBXFileReference; lastKnownFileType = sourcecode.swift; path = PJCLiveSurfaceView.swift; sourceTree = "<group>"; };
		C2D6825724D01AA3000E4E79 /* Assets.xcassets */ = {isa = PBXFileReference; lastKnownFileType = folder.assetcatalog; path = Assets.xcassets; sourceTree = "<group>"; };
		C2D6825A24D01AA3000E4E79 /* Preview Assets.xcassets */ = {isa = PBXFileReference; lastKnownFileType = folder.assetcatalog; path = "Preview Assets.xcassets"; sourceTree = "<group>"; };
		C2D6825D24D01AA3000E4E79 /* Base */ = {isa = PBXFileReference; lastKnownFileType = file.storyboard; name = Base; path = Base.lproj/LaunchScreen.storyboard; sourceTree = "<group>"; };
		C2D6825F24D01AA3000E4E79 /* Info.plist */ = {isa = PBXFileReference; lastKnownFileType = text.plist.xml; path = Info.plist; sourceTree = "<group>"; };
		C2D6826824D01C0B000E4E79 /* PJCLiveSurfaceViewController.swift */ = {isa = PBXFileReference; lastKnownFileType = sourcecode.swift; path = PJCLiveSurfaceViewController.swift; sourceTree = "<group>"; };
		C2D6826A24D01F55000E4E79 /* PJCCanvasView.swift */ = {isa = PBXFileReference; lastKnownFileType = sourcecode.swift; path = PJCCanvasView.swift; sourceTree = "<group>"; };
		C2D6826C24D01F66000E4E79 /* PJCLayersView.swift */ = {isa = PBXFileReference; lastKnownFileType = sourcecode.swift; path = PJCLayersView.swift; sourceTree = "<group>"; };
		C2D6826E24D023D1000E4E79 /* PJCLiveSurfaceItem.swift */ = {isa = PBXFileReference; lastKnownFileType = sourcecode.swift; path = PJCLiveSurfaceItem.swift; sourceTree = "<group>"; };
		C2D6827024D02BF2000E4E79 /* PJCGeometry.swift */ = {isa = PBXFileReference; lastKnownFileType = sourcecode.swift; path = PJCGeometry.swift; sourceTree = "<group>"; };
		C2FB594124D6B24B00B501F8 /* PJCTransformTool+Additions.swift */ = {isa = PBXFileReference; lastKnownFileType = sourcecode.swift; path = "PJCTransformTool+Additions.swift"; sourceTree = "<group>"; };
		C2FB594324D75AAE00B501F8 /* PJCToolset.swift */ = {isa = PBXFileReference; lastKnownFileType = sourcecode.swift; path = PJCToolset.swift; sourceTree = "<group>"; };
		C2FB594524D75B8E00B501F8 /* PJCLayerPreview.swift */ = {isa = PBXFileReference; lastKnownFileType = sourcecode.swift; path = PJCLayerPreview.swift; sourceTree = "<group>"; };
		C2FB594724D87CA200B501F8 /* PJCLiveSurfaceProject+Additions.swift */ = {isa = PBXFileReference; lastKnownFileType = sourcecode.swift; path = "PJCLiveSurfaceProject+Additions.swift"; sourceTree = "<group>"; };
		C2FB594924D9A08C00B501F8 /* CGGeometry+Additions.swift */ = {isa = PBXFileReference; lastKnownFileType = sourcecode.swift; path = "CGGeometry+Additions.swift"; sourceTree = "<group>"; };
/* End PBXFileReference section */

/* Begin PBXFrameworksBuildPhase section */
		C2D6824B24D01A9E000E4E79 /* Frameworks */ = {
			isa = PBXFrameworksBuildPhase;
			buildActionMask = 2147483647;
			files = (
			);
			runOnlyForDeploymentPostprocessing = 0;
		};
/* End PBXFrameworksBuildPhase section */

/* Begin PBXGroup section */
		C202AF9024D2158B0024B628 /* Extension */ = {
			isa = PBXGroup;
			children = (
				C202AF9124D2159A0024B628 /* SwiftUI+Additions.swift */,
				C202AF9324D2DD0E0024B628 /* UIKit+Additions.swift */,
				C225A1CA24D33DC20008A7E7 /* Foundation+Additions.swift */,
				C2FB594924D9A08C00B501F8 /* CGGeometry+Additions.swift */,
			);
			path = Extension;
			sourceTree = "<group>";
		};
		C23C7C9F24DACA4500B17D6C /* Toolset */ = {
			isa = PBXGroup;
			children = (
				C2FB594324D75AAE00B501F8 /* PJCToolset.swift */,
				C29B1BBC24D046E50023DEE4 /* PJCTransformTool.swift */,
				C2FB594124D6B24B00B501F8 /* PJCTransformTool+Additions.swift */,
			);
			path = Toolset;
			sourceTree = "<group>";
		};
		C29B1BBE24D046FD0023DEE4 /* Tools */ = {
			isa = PBXGroup;
			children = (
				C29B1BC324D087DC0023DEE4 /* PJCSelectionView.swift */,
			);
			path = Tools;
			sourceTree = "<group>";
		};
		C29B1BC524D0895D0023DEE4 /* Class */ = {
			isa = PBXGroup;
			children = (
				C23C7C9F24DACA4500B17D6C /* Toolset */,
				C2D6826524D01B01000E4E79 /* Model */,
				C2D6826624D01B0D000E4E79 /* Controller */,
				C2D6826724D01B15000E4E79 /* View */,
			);
			path = Class;
			sourceTree = "<group>";
		};
		C2D6824524D01A9E000E4E79 = {
			isa = PBXGroup;
			children = (
				C2D6825024D01A9E000E4E79 /* LiveSurface */,
				C2D6824F24D01A9E000E4E79 /* Products */,
			);
			sourceTree = "<group>";
		};
		C2D6824F24D01A9E000E4E79 /* Products */ = {
			isa = PBXGroup;
			children = (
				C2D6824E24D01A9E000E4E79 /* LiveSurface.app */,
			);
			name = Products;
			sourceTree = "<group>";
		};
		C2D6825024D01A9E000E4E79 /* LiveSurface */ = {
			isa = PBXGroup;
			children = (
				C2D6825124D01A9E000E4E79 /* PJCAppDelegate.swift */,
				C2D6825324D01A9E000E4E79 /* PJCSceneDelegate.swift */,
				C202AF9024D2158B0024B628 /* Extension */,
				C29B1BC524D0895D0023DEE4 /* Class */,
				C2D6825724D01AA3000E4E79 /* Assets.xcassets */,
				C2D6825C24D01AA3000E4E79 /* LaunchScreen.storyboard */,
				C2D6825F24D01AA3000E4E79 /* Info.plist */,
				C2D6825924D01AA3000E4E79 /* Preview Content */,
			);
			path = LiveSurface;
			sourceTree = "<group>";
		};
		C2D6825924D01AA3000E4E79 /* Preview Content */ = {
			isa = PBXGroup;
			children = (
				C2D6825A24D01AA3000E4E79 /* Preview Assets.xcassets */,
			);
			path = "Preview Content";
			sourceTree = "<group>";
		};
		C2D6826524D01B01000E4E79 /* Model */ = {
			isa = PBXGroup;
			children = (
				C29B1BC124D05D740023DEE4 /* PJCLiveSurfaceProject.swift */,
				C2FB594724D87CA200B501F8 /* PJCLiveSurfaceProject+Additions.swift */,
				C2D6826E24D023D1000E4E79 /* PJCLiveSurfaceItem.swift */,
				C23C7CA024DAEC8E00B17D6C /* PJCLiveSurfaceItem+Additions.swift */,
				C29B1BBA24D043090023DEE4 /* PJCSimpleShapes.swift */,
				C2D6827024D02BF2000E4E79 /* PJCGeometry.swift */,
			);
			path = Model;
			sourceTree = "<group>";
		};
		C2D6826624D01B0D000E4E79 /* Controller */ = {
			isa = PBXGroup;
			children = (
				C2D6826824D01C0B000E4E79 /* PJCLiveSurfaceViewController.swift */,
			);
			path = Controller;
			sourceTree = "<group>";
		};
		C2D6826724D01B15000E4E79 /* View */ = {
			isa = PBXGroup;
			children = (
				C2D6825524D01A9F000E4E79 /* PJCLiveSurfaceView.swift */,
				C2D6826A24D01F55000E4E79 /* PJCCanvasView.swift */,
				C29B1BB824D02ED50023DEE4 /* PJCCanvasView+Additions.swift */,
				C2D6826C24D01F66000E4E79 /* PJCLayersView.swift */,
				C225A1CC24D36B320008A7E7 /* PJCLayersView+additions.swift */,
				C2FB594524D75B8E00B501F8 /* PJCLayerPreview.swift */,
				C23C7CA424DD442700B17D6C /* PJCLayerPreviewImage.swift */,
				C29B1BBE24D046FD0023DEE4 /* Tools */,
			);
			path = View;
			sourceTree = "<group>";
		};
/* End PBXGroup section */

/* Begin PBXNativeTarget section */
		C2D6824D24D01A9E000E4E79 /* LiveSurface */ = {
			isa = PBXNativeTarget;
			buildConfigurationList = C2D6826224D01AA3000E4E79 /* Build configuration list for PBXNativeTarget "LiveSurface" */;
			buildPhases = (
				C2D6824A24D01A9E000E4E79 /* Sources */,
				C2D6824B24D01A9E000E4E79 /* Frameworks */,
				C2D6824C24D01A9E000E4E79 /* Resources */,
			);
			buildRules = (
			);
			dependencies = (
			);
			name = LiveSurface;
			productName = LiveSurface;
			productReference = C2D6824E24D01A9E000E4E79 /* LiveSurface.app */;
			productType = "com.apple.product-type.application";
		};
/* End PBXNativeTarget section */

/* Begin PBXProject section */
		C2D6824624D01A9E000E4E79 /* Project object */ = {
			isa = PBXProject;
			attributes = {
				LastSwiftUpdateCheck = 1160;
				LastUpgradeCheck = 1160;
				ORGANIZATIONNAME = "Peter Spencer";
				TargetAttributes = {
					C2D6824D24D01A9E000E4E79 = {
						CreatedOnToolsVersion = 11.6;
					};
				};
			};
			buildConfigurationList = C2D6824924D01A9E000E4E79 /* Build configuration list for PBXProject "LiveSurface" */;
			compatibilityVersion = "Xcode 9.3";
			developmentRegion = en;
			hasScannedForEncodings = 0;
			knownRegions = (
				en,
				Base,
			);
			mainGroup = C2D6824524D01A9E000E4E79;
			productRefGroup = C2D6824F24D01A9E000E4E79 /* Products */;
			projectDirPath = "";
			projectRoot = "";
			targets = (
				C2D6824D24D01A9E000E4E79 /* LiveSurface */,
			);
		};
/* End PBXProject section */

/* Begin PBXResourcesBuildPhase section */
		C2D6824C24D01A9E000E4E79 /* Resources */ = {
			isa = PBXResourcesBuildPhase;
			buildActionMask = 2147483647;
			files = (
				C2D6825E24D01AA3000E4E79 /* LaunchScreen.storyboard in Resources */,
				C2D6825B24D01AA3000E4E79 /* Preview Assets.xcassets in Resources */,
				C2D6825824D01AA3000E4E79 /* Assets.xcassets in Resources */,
			);
			runOnlyForDeploymentPostprocessing = 0;
		};
/* End PBXResourcesBuildPhase section */

/* Begin PBXSourcesBuildPhase section */
		C2D6824A24D01A9E000E4E79 /* Sources */ = {
			isa = PBXSourcesBuildPhase;
			buildActionMask = 2147483647;
			files = (
				C202AF9424D2DD0E0024B628 /* UIKit+Additions.swift in Sources */,
				C2D6826D24D01F66000E4E79 /* PJCLayersView.swift in Sources */,
				C2D6826B24D01F55000E4E79 /* PJCCanvasView.swift in Sources */,
				C202AF9224D2159A0024B628 /* SwiftUI+Additions.swift in Sources */,
				C2FB594424D75AAE00B501F8 /* PJCToolset.swift in Sources */,
				C29B1BBD24D046E50023DEE4 /* PJCTransformTool.swift in Sources */,
				C2D6825224D01A9E000E4E79 /* PJCAppDelegate.swift in Sources */,
				C29B1BBB24D043090023DEE4 /* PJCSimpleShapes.swift in Sources */,
				C2D6826F24D023D1000E4E79 /* PJCLiveSurfaceItem.swift in Sources */,
				C29B1BC224D05D740023DEE4 /* PJCLiveSurfaceProject.swift in Sources */,
				C2D6825424D01A9E000E4E79 /* PJCSceneDelegate.swift in Sources */,
				C2FB594224D6B24B00B501F8 /* PJCTransformTool+Additions.swift in Sources */,
				C225A1CB24D33DC20008A7E7 /* Foundation+Additions.swift in Sources */,
				C225A1CD24D36B320008A7E7 /* PJCLayersView+additions.swift in Sources */,
				C23C7CA124DAEC8E00B17D6C /* PJCLiveSurfaceItem+Additions.swift in Sources */,
				C29B1BC424D087DC0023DEE4 /* PJCSelectionView.swift in Sources */,
				C2FB594824D87CA200B501F8 /* PJCLiveSurfaceProject+Additions.swift in Sources */,
				C2D6827124D02BF2000E4E79 /* PJCGeometry.swift in Sources */,
				C2FB594624D75B8E00B501F8 /* PJCLayerPreview.swift in Sources */,
				C2D6826924D01C0B000E4E79 /* PJCLiveSurfaceViewController.swift in Sources */,
				C23C7CA524DD442700B17D6C /* PJCLayerPreviewImage.swift in Sources */,
				C2FB594A24D9A08C00B501F8 /* CGGeometry+Additions.swift in Sources */,
				C2D6825624D01A9F000E4E79 /* PJCLiveSurfaceView.swift in Sources */,
				C29B1BB924D02ED50023DEE4 /* PJCCanvasView+Additions.swift in Sources */,
			);
			runOnlyForDeploymentPostprocessing = 0;
		};
/* End PBXSourcesBuildPhase section */

/* Begin PBXVariantGroup section */
		C2D6825C24D01AA3000E4E79 /* LaunchScreen.storyboard */ = {
			isa = PBXVariantGroup;
			children = (
				C2D6825D24D01AA3000E4E79 /* Base */,
			);
			name = LaunchScreen.storyboard;
			sourceTree = "<group>";
		};
/* End PBXVariantGroup section */

/* Begin XCBuildConfiguration section */
		C2D6826024D01AA3000E4E79 /* Debug */ = {
			isa = XCBuildConfiguration;
			buildSettings = {
				ALWAYS_SEARCH_USER_PATHS = NO;
				CLANG_ANALYZER_NONNULL = YES;
				CLANG_ANALYZER_NUMBER_OBJECT_CONVERSION = YES_AGGRESSIVE;
				CLANG_CXX_LANGUAGE_STANDARD = "gnu++14";
				CLANG_CXX_LIBRARY = "libc++";
				CLANG_ENABLE_MODULES = YES;
				CLANG_ENABLE_OBJC_ARC = YES;
				CLANG_ENABLE_OBJC_WEAK = YES;
				CLANG_WARN_BLOCK_CAPTURE_AUTORELEASING = YES;
				CLANG_WARN_BOOL_CONVERSION = YES;
				CLANG_WARN_COMMA = YES;
				CLANG_WARN_CONSTANT_CONVERSION = YES;
				CLANG_WARN_DEPRECATED_OBJC_IMPLEMENTATIONS = YES;
				CLANG_WARN_DIRECT_OBJC_ISA_USAGE = YES_ERROR;
				CLANG_WARN_DOCUMENTATION_COMMENTS = YES;
				CLANG_WARN_EMPTY_BODY = YES;
				CLANG_WARN_ENUM_CONVERSION = YES;
				CLANG_WARN_INFINITE_RECURSION = YES;
				CLANG_WARN_INT_CONVERSION = YES;
				CLANG_WARN_NON_LITERAL_NULL_CONVERSION = YES;
				CLANG_WARN_OBJC_IMPLICIT_RETAIN_SELF = YES;
				CLANG_WARN_OBJC_LITERAL_CONVERSION = YES;
				CLANG_WARN_OBJC_ROOT_CLASS = YES_ERROR;
				CLANG_WARN_RANGE_LOOP_ANALYSIS = YES;
				CLANG_WARN_STRICT_PROTOTYPES = YES;
				CLANG_WARN_SUSPICIOUS_MOVE = YES;
				CLANG_WARN_UNGUARDED_AVAILABILITY = YES_AGGRESSIVE;
				CLANG_WARN_UNREACHABLE_CODE = YES;
				CLANG_WARN__DUPLICATE_METHOD_MATCH = YES;
				COPY_PHASE_STRIP = NO;
				DEBUG_INFORMATION_FORMAT = dwarf;
				ENABLE_STRICT_OBJC_MSGSEND = YES;
				ENABLE_TESTABILITY = YES;
				GCC_C_LANGUAGE_STANDARD = gnu11;
				GCC_DYNAMIC_NO_PIC = NO;
				GCC_NO_COMMON_BLOCKS = YES;
				GCC_OPTIMIZATION_LEVEL = 0;
				GCC_PREPROCESSOR_DEFINITIONS = (
					"DEBUG=1",
					"$(inherited)",
				);
				GCC_WARN_64_TO_32_BIT_CONVERSION = YES;
				GCC_WARN_ABOUT_RETURN_TYPE = YES_ERROR;
				GCC_WARN_UNDECLARED_SELECTOR = YES;
				GCC_WARN_UNINITIALIZED_AUTOS = YES_AGGRESSIVE;
				GCC_WARN_UNUSED_FUNCTION = YES;
				GCC_WARN_UNUSED_VARIABLE = YES;
				IPHONEOS_DEPLOYMENT_TARGET = 13.6;
				MTL_ENABLE_DEBUG_INFO = INCLUDE_SOURCE;
				MTL_FAST_MATH = YES;
				ONLY_ACTIVE_ARCH = YES;
				SDKROOT = iphoneos;
				SWIFT_ACTIVE_COMPILATION_CONDITIONS = DEBUG;
				SWIFT_OPTIMIZATION_LEVEL = "-Onone";
			};
			name = Debug;
		};
		C2D6826124D01AA3000E4E79 /* Release */ = {
			isa = XCBuildConfiguration;
			buildSettings = {
				ALWAYS_SEARCH_USER_PATHS = NO;
				CLANG_ANALYZER_NONNULL = YES;
				CLANG_ANALYZER_NUMBER_OBJECT_CONVERSION = YES_AGGRESSIVE;
				CLANG_CXX_LANGUAGE_STANDARD = "gnu++14";
				CLANG_CXX_LIBRARY = "libc++";
				CLANG_ENABLE_MODULES = YES;
				CLANG_ENABLE_OBJC_ARC = YES;
				CLANG_ENABLE_OBJC_WEAK = YES;
				CLANG_WARN_BLOCK_CAPTURE_AUTORELEASING = YES;
				CLANG_WARN_BOOL_CONVERSION = YES;
				CLANG_WARN_COMMA = YES;
				CLANG_WARN_CONSTANT_CONVERSION = YES;
				CLANG_WARN_DEPRECATED_OBJC_IMPLEMENTATIONS = YES;
				CLANG_WARN_DIRECT_OBJC_ISA_USAGE = YES_ERROR;
				CLANG_WARN_DOCUMENTATION_COMMENTS = YES;
				CLANG_WARN_EMPTY_BODY = YES;
				CLANG_WARN_ENUM_CONVERSION = YES;
				CLANG_WARN_INFINITE_RECURSION = YES;
				CLANG_WARN_INT_CONVERSION = YES;
				CLANG_WARN_NON_LITERAL_NULL_CONVERSION = YES;
				CLANG_WARN_OBJC_IMPLICIT_RETAIN_SELF = YES;
				CLANG_WARN_OBJC_LITERAL_CONVERSION = YES;
				CLANG_WARN_OBJC_ROOT_CLASS = YES_ERROR;
				CLANG_WARN_RANGE_LOOP_ANALYSIS = YES;
				CLANG_WARN_STRICT_PROTOTYPES = YES;
				CLANG_WARN_SUSPICIOUS_MOVE = YES;
				CLANG_WARN_UNGUARDED_AVAILABILITY = YES_AGGRESSIVE;
				CLANG_WARN_UNREACHABLE_CODE = YES;
				CLANG_WARN__DUPLICATE_METHOD_MATCH = YES;
				COPY_PHASE_STRIP = NO;
				DEBUG_INFORMATION_FORMAT = "dwarf-with-dsym";
				ENABLE_NS_ASSERTIONS = NO;
				ENABLE_STRICT_OBJC_MSGSEND = YES;
				GCC_C_LANGUAGE_STANDARD = gnu11;
				GCC_NO_COMMON_BLOCKS = YES;
				GCC_WARN_64_TO_32_BIT_CONVERSION = YES;
				GCC_WARN_ABOUT_RETURN_TYPE = YES_ERROR;
				GCC_WARN_UNDECLARED_SELECTOR = YES;
				GCC_WARN_UNINITIALIZED_AUTOS = YES_AGGRESSIVE;
				GCC_WARN_UNUSED_FUNCTION = YES;
				GCC_WARN_UNUSED_VARIABLE = YES;
				IPHONEOS_DEPLOYMENT_TARGET = 13.6;
				MTL_ENABLE_DEBUG_INFO = NO;
				MTL_FAST_MATH = YES;
				SDKROOT = iphoneos;
				SWIFT_COMPILATION_MODE = wholemodule;
				SWIFT_OPTIMIZATION_LEVEL = "-O";
				VALIDATE_PRODUCT = YES;
			};
			name = Release;
		};
		C2D6826324D01AA3000E4E79 /* Debug */ = {
			isa = XCBuildConfiguration;
			buildSettings = {
				ASSETCATALOG_COMPILER_APPICON_NAME = AppIcon;
				CODE_SIGN_STYLE = Automatic;
				DEVELOPMENT_ASSET_PATHS = "\"LiveSurface/Preview Content\"";
				DEVELOPMENT_TEAM = 94M3Z6LE6G;
				ENABLE_PREVIEWS = YES;
				INFOPLIST_FILE = LiveSurface/Info.plist;
				LD_RUNPATH_SEARCH_PATHS = (
					"$(inherited)",
					"@executable_path/Frameworks",
				);
				PRODUCT_BUNDLE_IDENTIFIER = "com.spencers-dm.LiveSurface";
				PRODUCT_NAME = "$(TARGET_NAME)";
				SWIFT_VERSION = 5.0;
				TARGETED_DEVICE_FAMILY = 2;
			};
			name = Debug;
		};
		C2D6826424D01AA3000E4E79 /* Release */ = {
			isa = XCBuildConfiguration;
			buildSettings = {
				ASSETCATALOG_COMPILER_APPICON_NAME = AppIcon;
				CODE_SIGN_STYLE = Automatic;
				DEVELOPMENT_ASSET_PATHS = "\"LiveSurface/Preview Content\"";
				DEVELOPMENT_TEAM = 94M3Z6LE6G;
				ENABLE_PREVIEWS = YES;
				INFOPLIST_FILE = LiveSurface/Info.plist;
				LD_RUNPATH_SEARCH_PATHS = (
					"$(inherited)",
					"@executable_path/Frameworks",
				);
				PRODUCT_BUNDLE_IDENTIFIER = "com.spencers-dm.LiveSurface";
				PRODUCT_NAME = "$(TARGET_NAME)";
				SWIFT_VERSION = 5.0;
				TARGETED_DEVICE_FAMILY = 2;
			};
			name = Release;
		};
/* End XCBuildConfiguration section */

/* Begin XCConfigurationList section */
		C2D6824924D01A9E000E4E79 /* Build configuration list for PBXProject "LiveSurface" */ = {
			isa = XCConfigurationList;
			buildConfigurations = (
				C2D6826024D01AA3000E4E79 /* Debug */,
				C2D6826124D01AA3000E4E79 /* Release */,
			);
			defaultConfigurationIsVisible = 0;
			defaultConfigurationName = Release;
		};
		C2D6826224D01AA3000E4E79 /* Build configuration list for PBXNativeTarget "LiveSurface" */ = {
			isa = XCConfigurationList;
			buildConfigurations = (
				C2D6826324D01AA3000E4E79 /* Debug */,
				C2D6826424D01AA3000E4E79 /* Release */,
			);
			defaultConfigurationIsVisible = 0;
			defaultConfigurationName = Release;
		};
/* End XCConfigurationList section */
	};
	rootObject = C2D6824624D01A9E000E4E79 /* Project object */;
}
